// !$*UTF8*$!
{
	archiveVersion = 1;
	classes = {
	};
	objectVersion = 46;
	objects = {

/* Begin PBXBuildFile section */
		A9AB60D91A7EC79B006AD3A9 /* AppDelegate.swift in Sources */ = {isa = PBXBuildFile; fileRef = A9AB60D81A7EC79B006AD3A9 /* AppDelegate.swift */; };
		A9AB60DB1A7EC79B006AD3A9 /* ViewController.swift in Sources */ = {isa = PBXBuildFile; fileRef = A9AB60DA1A7EC79B006AD3A9 /* ViewController.swift */; };
		A9AB60DE1A7EC79B006AD3A9 /* Main.storyboard in Resources */ = {isa = PBXBuildFile; fileRef = A9AB60DC1A7EC79B006AD3A9 /* Main.storyboard */; };
		A9AB60E01A7EC79B006AD3A9 /* Images.xcassets in Resources */ = {isa = PBXBuildFile; fileRef = A9AB60DF1A7EC79B006AD3A9 /* Images.xcassets */; };
		A9AB60E31A7EC79B006AD3A9 /* LaunchScreen.xib in Resources */ = {isa = PBXBuildFile; fileRef = A9AB60E11A7EC79B006AD3A9 /* LaunchScreen.xib */; };
		A9AB60EF1A7EC79B006AD3A9 /* Calculator_StanfordTests.swift in Sources */ = {isa = PBXBuildFile; fileRef = A9AB60EE1A7EC79B006AD3A9 /* Calculator_StanfordTests.swift */; };
/* End PBXBuildFile section */

/* Begin PBXContainerItemProxy section */
		A9AB60E91A7EC79B006AD3A9 /* PBXContainerItemProxy */ = {
			isa = PBXContainerItemProxy;
			containerPortal = A9AB60CB1A7EC79B006AD3A9 /* Project object */;
			proxyType = 1;
			remoteGlobalIDString = A9AB60D21A7EC79B006AD3A9;
			remoteInfo = "Calculator Stanford";
		};
/* End PBXContainerItemProxy section */

/* Begin PBXFileReference section */
		A9AB60D31A7EC79B006AD3A9 /* Calculator Stanford.app */ = {isa = PBXFileReference; explicitFileType = wrapper.application; includeInIndex = 0; path = "Calculator Stanford.app"; sourceTree = BUILT_PRODUCTS_DIR; };
		A9AB60D71A7EC79B006AD3A9 /* Info.plist */ = {isa = PBXFileReference; lastKnownFileType = text.plist.xml; path = Info.plist; sourceTree = "<group>"; };
		A9AB60D81A7EC79B006AD3A9 /* AppDelegate.swift */ = {isa = PBXFileReference; lastKnownFileType = sourcecode.swift; path = AppDelegate.swift; sourceTree = "<group>"; };
		A9AB60DA1A7EC79B006AD3A9 /* ViewController.swift */ = {isa = PBXFileReference; lastKnownFileType = sourcecode.swift; path = ViewController.swift; sourceTree = "<group>"; };
		A9AB60DD1A7EC79B006AD3A9 /* Base */ = {isa = PBXFileReference; lastKnownFileType = file.storyboard; name = Base; path = Base.lproj/Main.storyboard; sourceTree = "<group>"; };
		A9AB60DF1A7EC79B006AD3A9 /* Images.xcassets */ = {isa = PBXFileReference; lastKnownFileType = folder.assetcatalog; path = Images.xcassets; sourceTree = "<group>"; };
		A9AB60E21A7EC79B006AD3A9 /* Base */ = {isa = PBXFileReference; lastKnownFileType = file.xib; name = Base; path = Base.lproj/LaunchScreen.xib; sourceTree = "<group>"; };
		A9AB60E81A7EC79B006AD3A9 /* Calculator StanfordTests.xctest */ = {isa = PBXFileReference; explicitFileType = wrapper.cfbundle; includeInIndex = 0; path = "Calculator StanfordTests.xctest"; sourceTree = BUILT_PRODUCTS_DIR; };
		A9AB60ED1A7EC79B006AD3A9 /* Info.plist */ = {isa = PBXFileReference; lastKnownFileType = text.plist.xml; path = Info.plist; sourceTree = "<group>"; };
		A9AB60EE1A7EC79B006AD3A9 /* Calculator_StanfordTests.swift */ = {isa = PBXFileReference; lastKnownFileType = sourcecode.swift; path = Calculator_StanfordTests.swift; sourceTree = "<group>"; };
/* End PBXFileReference section */

/* Begin PBXFrameworksBuildPhase section */
		A9AB60D01A7EC79B006AD3A9 /* Frameworks */ = {
			isa = PBXFrameworksBuildPhase;
			buildActionMask = 2147483647;
			files = (
			);
			runOnlyForDeploymentPostprocessing = 0;
		};
		A9AB60E51A7EC79B006AD3A9 /* Frameworks */ = {
			isa = PBXFrameworksBuildPhase;
			buildActionMask = 2147483647;
			files = (
			);
			runOnlyForDeploymentPostprocessing = 0;
		};
/* End PBXFrameworksBuildPhase section */

/* Begin PBXGroup section */
		A9AB60CA1A7EC79B006AD3A9 = {
			isa = PBXGroup;
			children = (
				A9AB60D51A7EC79B006AD3A9 /* Calculator Stanford */,
				A9AB60EB1A7EC79B006AD3A9 /* Calculator StanfordTests */,
				A9AB60D41A7EC79B006AD3A9 /* Products */,
			);
			sourceTree = "<group>";
		};
		A9AB60D41A7EC79B006AD3A9 /* Products */ = {
			isa = PBXGroup;
			children = (
				A9AB60D31A7EC79B006AD3A9 /* Calculator Stanford.app */,
				A9AB60E81A7EC79B006AD3A9 /* Calculator StanfordTests.xctest */,
			);
			name = Products;
			sourceTree = "<group>";
		};
		A9AB60D51A7EC79B006AD3A9 /* Calculator Stanford */ = {
			isa = PBXGroup;
			children = (
				A9AB60D81A7EC79B006AD3A9 /* AppDelegate.swift */,
				A9AB60DA1A7EC79B006AD3A9 /* ViewController.swift */,
				A9AB60DC1A7EC79B006AD3A9 /* Main.storyboard */,
				A9AB60DF1A7EC79B006AD3A9 /* Images.xcassets */,
				A9AB60E11A7EC79B006AD3A9 /* LaunchScreen.xib */,
				A9AB60D61A7EC79B006AD3A9 /* Supporting Files */,
			);
			path = "Calculator Stanford";
			sourceTree = "<group>";
		};
		A9AB60D61A7EC79B006AD3A9 /* Supporting Files */ = {
			isa = PBXGroup;
			children = (
				A9AB60D71A7EC79B006AD3A9 /* Info.plist */,
			);
			name = "Supporting Files";
			sourceTree = "<group>";
		};
		A9AB60EB1A7EC79B006AD3A9 /* Calculator StanfordTests */ = {
			isa = PBXGroup;
			children = (
				A9AB60EE1A7EC79B006AD3A9 /* Calculator_StanfordTests.swift */,
				A9AB60EC1A7EC79B006AD3A9 /* Supporting Files */,
			);
			path = "Calculator StanfordTests";
			sourceTree = "<group>";
		};
		A9AB60EC1A7EC79B006AD3A9 /* Supporting Files */ = {
			isa = PBXGroup;
			children = (
				A9AB60ED1A7EC79B006AD3A9 /* Info.plist */,
			);
			name = "Supporting Files";
			sourceTree = "<group>";
		};
/* End PBXGroup section */

/* Begin PBXNativeTarget section */
		A9AB60D21A7EC79B006AD3A9 /* Calculator Stanford */ = {
			isa = PBXNativeTarget;
			buildConfigurationList = A9AB60F21A7EC79B006AD3A9 /* Build configuration list for PBXNativeTarget "Calculator Stanford" */;
			buildPhases = (
				A9AB60CF1A7EC79B006AD3A9 /* Sources */,
				A9AB60D01A7EC79B006AD3A9 /* Frameworks */,
				A9AB60D11A7EC79B006AD3A9 /* Resources */,
			);
			buildRules = (
			);
			dependencies = (
			);
			name = "Calculator Stanford";
			productName = "Calculator Stanford";
			productReference = A9AB60D31A7EC79B006AD3A9 /* Calculator Stanford.app */;
			productType = "com.apple.product-type.application";
		};
		A9AB60E71A7EC79B006AD3A9 /* Calculator StanfordTests */ = {
			isa = PBXNativeTarget;
			buildConfigurationList = A9AB60F51A7EC79B006AD3A9 /* Build configuration list for PBXNativeTarget "Calculator StanfordTests" */;
			buildPhases = (
				A9AB60E41A7EC79B006AD3A9 /* Sources */,
				A9AB60E51A7EC79B006AD3A9 /* Frameworks */,
				A9AB60E61A7EC79B006AD3A9 /* Resources */,
			);
			buildRules = (
			);
			dependencies = (
				A9AB60EA1A7EC79B006AD3A9 /* PBXTargetDependency */,
			);
			name = "Calculator StanfordTests";
			productName = "Calculator StanfordTests";
			productReference = A9AB60E81A7EC79B006AD3A9 /* Calculator StanfordTests.xctest */;
			productType = "com.apple.product-type.bundle.unit-test";
		};
/* End PBXNativeTarget section */

/* Begin PBXProject section */
		A9AB60CB1A7EC79B006AD3A9 /* Project object */ = {
			isa = PBXProject;
			attributes = {
				LastUpgradeCheck = 0610;
				ORGANIZATIONNAME = Alphaweb;
				TargetAttributes = {
					A9AB60D21A7EC79B006AD3A9 = {
						CreatedOnToolsVersion = 6.1.1;
					};
					A9AB60E71A7EC79B006AD3A9 = {
						CreatedOnToolsVersion = 6.1.1;
						TestTargetID = A9AB60D21A7EC79B006AD3A9;
					};
				};
			};
			buildConfigurationList = A9AB60CE1A7EC79B006AD3A9 /* Build configuration list for PBXProject "Calculator Stanford" */;
			compatibilityVersion = "Xcode 3.2";
			developmentRegion = English;
			hasScannedForEncodings = 0;
			knownRegions = (
				en,
				Base,
			);
			mainGroup = A9AB60CA1A7EC79B006AD3A9;
			productRefGroup = A9AB60D41A7EC79B006AD3A9 /* Products */;
			projectDirPath = "";
			projectRoot = "";
			targets = (
				A9AB60D21A7EC79B006AD3A9 /* Calculator Stanford */,
				A9AB60E71A7EC79B006AD3A9 /* Calculator StanfordTests */,
			);
		};
/* End PBXProject section */

/* Begin PBXResourcesBuildPhase section */
		A9AB60D11A7EC79B006AD3A9 /* Resources */ = {
			isa = PBXResourcesBuildPhase;
			buildActionMask = 2147483647;
			files = (
				A9AB60DE1A7EC79B006AD3A9 /* Main.storyboard in Resources */,
				A9AB60E31A7EC79B006AD3A9 /* LaunchScreen.xib in Resources */,
				A9AB60E01A7EC79B006AD3A9 /* Images.xcassets in Resources */,
			);
			runOnlyForDeploymentPostprocessing = 0;
		};
		A9AB60E61A7EC79B006AD3A9 /* Resources */ = {
			isa = PBXResourcesBuildPhase;
			buildActionMask = 2147483647;
			files = (
			);
			runOnlyForDeploymentPostprocessing = 0;
		};
/* End PBXResourcesBuildPhase section */

/* Begin PBXSourcesBuildPhase section */
		A9AB60CF1A7EC79B006AD3A9 /* Sources */ = {
			isa = PBXSourcesBuildPhase;
			buildActionMask = 2147483647;
			files = (
				A9AB60DB1A7EC79B006AD3A9 /* ViewController.swift in Sources */,
				A9AB60D91A7EC79B006AD3A9 /* AppDelegate.swift in Sources */,
			);
			runOnlyForDeploymentPostprocessing = 0;
		};
		A9AB60E41A7EC79B006AD3A9 /* Sources */ = {
			isa = PBXSourcesBuildPhase;
			buildActionMask = 2147483647;
			files = (
				A9AB60EF1A7EC79B006AD3A9 /* Calculator_StanfordTests.swift in Sources */,
			);
			runOnlyForDeploymentPostprocessing = 0;
		};
/* End PBXSourcesBuildPhase section */

/* Begin PBXTargetDependency section */
		A9AB60EA1A7EC79B006AD3A9 /* PBXTargetDependency */ = {
			isa = PBXTargetDependency;
			target = A9AB60D21A7EC79B006AD3A9 /* Calculator Stanford */;
			targetProxy = A9AB60E91A7EC79B006AD3A9 /* PBXContainerItemProxy */;
		};
/* End PBXTargetDependency section */

/* Begin PBXVariantGroup section */
		A9AB60DC1A7EC79B006AD3A9 /* Main.storyboard */ = {
			isa = PBXVariantGroup;
			children = (
				A9AB60DD1A7EC79B006AD3A9 /* Base */,
			);
			name = Main.storyboard;
			sourceTree = "<group>";
		};
		A9AB60E11A7EC79B006AD3A9 /* LaunchScreen.xib */ = {
			isa = PBXVariantGroup;
			children = (
				A9AB60E21A7EC79B006AD3A9 /* Base */,
			);
			name = LaunchScreen.xib;
			sourceTree = "<group>";
		};
/* End PBXVariantGroup section */

/* Begin XCBuildConfiguration section */
		A9AB60F01A7EC79B006AD3A9 /* Debug */ = {
			isa = XCBuildConfiguration;
			buildSettings = {
				ALWAYS_SEARCH_USER_PATHS = NO;
				CLANG_CXX_LANGUAGE_STANDARD = "gnu++0x";
				CLANG_CXX_LIBRARY = "libc++";
				CLANG_ENABLE_MODULES = YES;
				CLANG_ENABLE_OBJC_ARC = YES;
				CLANG_WARN_BOOL_CONVERSION = YES;
				CLANG_WARN_CONSTANT_CONVERSION = YES;
				CLANG_WARN_DIRECT_OBJC_ISA_USAGE = YES_ERROR;
				CLANG_WARN_EMPTY_BODY = YES;
				CLANG_WARN_ENUM_CONVERSION = YES;
				CLANG_WARN_INT_CONVERSION = YES;
				CLANG_WARN_OBJC_ROOT_CLASS = YES_ERROR;
				CLANG_WARN_UNREACHABLE_CODE = YES;
				CLANG_WARN__DUPLICATE_METHOD_MATCH = YES;
				"CODE_SIGN_IDENTITY[sdk=iphoneos*]" = "iPhone Developer";
				COPY_PHASE_STRIP = NO;
				ENABLE_STRICT_OBJC_MSGSEND = YES;
				GCC_C_LANGUAGE_STANDARD = gnu99;
				GCC_DYNAMIC_NO_PIC = NO;
				GCC_OPTIMIZATION_LEVEL = 0;
				GCC_PREPROCESSOR_DEFINITIONS = (
					"DEBUG=1",
					"$(inherited)",
				);
				GCC_SYMBOLS_PRIVATE_EXTERN = NO;
				GCC_WARN_64_TO_32_BIT_CONVERSION = YES;
				GCC_WARN_ABOUT_RETURN_TYPE = YES_ERROR;
				GCC_WARN_UNDECLARED_SELECTOR = YES;
				GCC_WARN_UNINITIALIZED_AUTOS = YES_AGGRESSIVE;
				GCC_WARN_UNUSED_FUNCTION = YES;
				GCC_WARN_UNUSED_VARIABLE = YES;
				IPHONEOS_DEPLOYMENT_TARGET = 8.1;
				MTL_ENABLE_DEBUG_INFO = YES;
				ONLY_ACTIVE_ARCH = YES;
				SDKROOT = iphoneos;
				SWIFT_OPTIMIZATION_LEVEL = "-Onone";
				TARGETED_DEVICE_FAMILY = "1,2";
			};
			name = Debug;
		};
		A9AB60F11A7EC79B006AD3A9 /* Release */ = {
			isa = XCBuildConfiguration;
			buildSettings = {
				ALWAYS_SEARCH_USER_PATHS = NO;
				CLANG_CXX_LANGUAGE_STANDARD = "gnu++0x";
				CLANG_CXX_LIBRARY = "libc++";
				CLANG_ENABLE_MODULES = YES;
				CLANG_ENABLE_OBJC_ARC = YES;
				CLANG_WARN_BOOL_CONVERSION = YES;
				CLANG_WARN_CONSTANT_CONVERSION = YES;
				CLANG_WARN_DIRECT_OBJC_ISA_USAGE = YES_ERROR;
				CLANG_WARN_EMPTY_BODY = YES;
				CLANG_WARN_ENUM_CONVERSION = YES;
				CLANG_WARN_INT_CONVERSION = YES;
				CLANG_WARN_OBJC_ROOT_CLASS = YES_ERROR;
				CLANG_WARN_UNREACHABLE_CODE = YES;
				CLANG_WARN__DUPLICATE_METHOD_MATCH = YES;
				"CODE_SIGN_IDENTITY[sdk=iphoneos*]" = "iPhone Developer";
				COPY_PHASE_STRIP = YES;
				ENABLE_NS_ASSERTIONS = NO;
				ENABLE_STRICT_OBJC_MSGSEND = YES;
				GCC_C_LANGUAGE_STANDARD = gnu99;
				GCC_WARN_64_TO_32_BIT_CONVERSION = YES;
				GCC_WARN_ABOUT_RETURN_TYPE = YES_ERROR;
				GCC_WARN_UNDECLARED_SELECTOR = YES;
				GCC_WARN_UNINITIALIZED_AUTOS = YES_AGGRESSIVE;
				GCC_WARN_UNUSED_FUNCTION = YES;
				GCC_WARN_UNUSED_VARIABLE = YES;
				IPHONEOS_DEPLOYMENT_TARGET = 8.1;
				MTL_ENABLE_DEBUG_INFO = NO;
				SDKROOT = iphoneos;
				TARGETED_DEVICE_FAMILY = "1,2";
				VALIDATE_PRODUCT = YES;
			};
			name = Release;
		};
		A9AB60F31A7EC79B006AD3A9 /* Debug */ = {
			isa = XCBuildConfiguration;
			buildSettings = {
				ASSETCATALOG_COMPILER_APPICON_NAME = AppIcon;
				INFOPLIST_FILE = "Calculator Stanford/Info.plist";
				LD_RUNPATH_SEARCH_PATHS = "$(inherited) @executable_path/Frameworks";
				PRODUCT_NAME = "$(TARGET_NAME)";
			};
			name = Debug;
		};
		A9AB60F41A7EC79B006AD3A9 /* Release */ = {
			isa = XCBuildConfiguration;
			buildSettings = {
				ASSETCATALOG_COMPILER_APPICON_NAME = AppIcon;
				INFOPLIST_FILE = "Calculator Stanford/Info.plist";
				LD_RUNPATH_SEARCH_PATHS = "$(inherited) @executable_path/Frameworks";
				PRODUCT_NAME = "$(TARGET_NAME)";
			};
			name = Release;
		};
		A9AB60F61A7EC79B006AD3A9 /* Debug */ = {
			isa = XCBuildConfiguration;
			buildSettings = {
				BUNDLE_LOADER = "$(TEST_HOST)";
				FRAMEWORK_SEARCH_PATHS = (
					"$(SDKROOT)/Developer/Library/Frameworks",
					"$(inherited)",
				);
				GCC_PREPROCESSOR_DEFINITIONS = (
					"DEBUG=1",
					"$(inherited)",
				);
				INFOPLIST_FILE = "Calculator StanfordTests/Info.plist";
				LD_RUNPATH_SEARCH_PATHS = "$(inherited) @executable_path/Frameworks @loader_path/Frameworks";
				PRODUCT_NAME = "$(TARGET_NAME)";
				TEST_HOST = "$(BUILT_PRODUCTS_DIR)/Calculator Stanford.app/Calculator Stanford";
			};
			name = Debug;
		};
		A9AB60F71A7EC79B006AD3A9 /* Release */ = {
			isa = XCBuildConfiguration;
			buildSettings = {
				BUNDLE_LOADER = "$(TEST_HOST)";
				FRAMEWORK_SEARCH_PATHS = (
					"$(SDKROOT)/Developer/Library/Frameworks",
					"$(inherited)",
				);
				INFOPLIST_FILE = "Calculator StanfordTests/Info.plist";
				LD_RUNPATH_SEARCH_PATHS = "$(inherited) @executable_path/Frameworks @loader_path/Frameworks";
				PRODUCT_NAME = "$(TARGET_NAME)";
				TEST_HOST = "$(BUILT_PRODUCTS_DIR)/Calculator Stanford.app/Calculator Stanford";
			};
			name = Release;
		};
/* End XCBuildConfiguration section */

/* Begin XCConfigurationList section */
		A9AB60CE1A7EC79B006AD3A9 /* Build configuration list for PBXProject "Calculator Stanford" */ = {
			isa = XCConfigurationList;
			buildConfigurations = (
				A9AB60F01A7EC79B006AD3A9 /* Debug */,
				A9AB60F11A7EC79B006AD3A9 /* Release */,
			);
			defaultConfigurationIsVisible = 0;
			defaultConfigurationName = Release;
		};
		A9AB60F21A7EC79B006AD3A9 /* Build configuration list for PBXNativeTarget "Calculator Stanford" */ = {
			isa = XCConfigurationList;
			buildConfigurations = (
				A9AB60F31A7EC79B006AD3A9 /* Debug */,
				A9AB60F41A7EC79B006AD3A9 /* Release */,
			);
			defaultConfigurationIsVisible = 0;
		};
		A9AB60F51A7EC79B006AD3A9 /* Build configuration list for PBXNativeTarget "Calculator StanfordTests" */ = {
			isa = XCConfigurationList;
			buildConfigurations = (
				A9AB60F61A7EC79B006AD3A9 /* Debug */,
				A9AB60F71A7EC79B006AD3A9 /* Release */,
			);
			defaultConfigurationIsVisible = 0;
		};
/* End XCConfigurationList section */
	};
	rootObject = A9AB60CB1A7EC79B006AD3A9 /* Project object */;
}
